// !$*UTF8*$!
{
	archiveVersion = 1;
	classes = {
	};
	objectVersion = 56;
	objects = {

/* Begin PBXBuildFile section */
AE73A1A0C998482CBC0FF0C3 /* main.m in Sources */ = {isa = PBXBuildFile; fileRef = DCAF1902097D43A289AE3E55 /* main.m */; };
C2595982CA944D2B8D3F7A9D /* WineAppDelegate.m in Sources */ = {isa = PBXBuildFile; fileRef = A22FF176D8314D7BA3A1F9F8 /* WineAppDelegate.m */; };
9481B114D8E24B73B1496AA3 /* WineViewController.m in Sources */ = {isa = PBXBuildFile; fileRef = 569AA5BA0F7B40D5AAF6871A /* WineViewController.m */; };
759AF05DDC84473F841C2B58 /* WineEventQueue.m in Sources */ = {isa = PBXBuildFile; fileRef = 39A34E49931E4B3CB4FF4AFA /* WineEventQueue.m */; };
7A671EBC47034AE79666AAFB /* WineBridge.m in Sources */ = {isa = PBXBuildFile; fileRef = 33677D870BDA4FACB66FCA42 /* WineBridge.m */; };
042FBDBD999A42FD987AAA18 /* WineJIT.m in Sources */ = {isa = PBXBuildFile; fileRef = 527DB03757F5435B8DB832CF /* WineJIT.m */; };
DDD3A1387A834660823079EE /* Info.plist in Resources */ = {isa = PBXBuildFile; fileRef = 6EC6285B649745CA9479175C /* Info.plist */; };
5DA2F5D4EEC94D3A8984AF05 /* LaunchScreen.storyboard in Resources */ = {isa = PBXBuildFile; fileRef = 0F2B0A2CFC42462B94DAB391 /* LaunchScreen.storyboard */; };
15EABD36C24C4E24A93CDC2B /* Wine.entitlements in Resources */ = {isa = PBXBuildFile; fileRef = 2F952AF481FB494987F5577D /* Wine.entitlements */; };
/* End PBXBuildFile section */

/* Begin PBXFileReference section */
2187523ED1E44B249D0AD2A0 /* Wine.app */ = {isa = PBXFileReference; explicitFileType = wrapper.application; includeInIndex = 0; path = Wine.app; sourceTree = BUILT_PRODUCTS_DIR; };
DCAF1902097D43A289AE3E55 /* main.m */ = {isa = PBXFileReference; lastKnownFileType = sourcecode.c.objc; path = main.m; sourceTree = "<group>"; };
16951D7CC43144C5909F6CAA /* WineAppDelegate.h */ = {isa = PBXFileReference; lastKnownFileType = sourcecode.c.h; path = WineAppDelegate.h; sourceTree = "<group>"; };
A22FF176D8314D7BA3A1F9F8 /* WineAppDelegate.m */ = {isa = PBXFileReference; lastKnownFileType = sourcecode.c.objc; path = WineAppDelegate.m; sourceTree = "<group>"; };
2A63E0CE56374CC39FCFAEC9 /* WineViewController.h */ = {isa = PBXFileReference; lastKnownFileType = sourcecode.c.h; path = WineViewController.h; sourceTree = "<group>"; };
569AA5BA0F7B40D5AAF6871A /* WineViewController.m */ = {isa = PBXFileReference; lastKnownFileType = sourcecode.c.objc; path = WineViewController.m; sourceTree = "<group>"; };
0D36AA4851CF49BFAF871371 /* WineEventQueue.h */ = {isa = PBXFileReference; lastKnownFileType = sourcecode.c.h; path = WineEventQueue.h; sourceTree = "<group>"; };
39A34E49931E4B3CB4FF4AFA /* WineEventQueue.m */ = {isa = PBXFileReference; lastKnownFileType = sourcecode.c.objc; path = WineEventQueue.m; sourceTree = "<group>"; };
318B7F6013384276AA2D4EC5 /* WineBridge.h */ = {isa = PBXFileReference; lastKnownFileType = sourcecode.c.h; path = WineBridge.h; sourceTree = "<group>"; };
33677D870BDA4FACB66FCA42 /* WineBridge.m */ = {isa = PBXFileReference; lastKnownFileType = sourcecode.c.objc; path = WineBridge.m; sourceTree = "<group>"; };
191B9F28031840548DE78D9F /* WineJIT.h */ = {isa = PBXFileReference; lastKnownFileType = sourcecode.c.h; path = WineJIT.h; sourceTree = "<group>"; };
527DB03757F5435B8DB832CF /* WineJIT.m */ = {isa = PBXFileReference; lastKnownFileType = sourcecode.c.objc; path = WineJIT.m; sourceTree = "<group>"; };
6EC6285B649745CA9479175C /* Info.plist */ = {isa = PBXFileReference; lastKnownFileType = text.plist.xml; path = Info.plist; sourceTree = "<group>"; };
0F2B0A2CFC42462B94DAB391 /* LaunchScreen.storyboard */ = {isa = PBXFileReference; lastKnownFileType = file.storyboard; path = LaunchScreen.storyboard; sourceTree = "<group>"; };
2F952AF481FB494987F5577D /* Wine.entitlements */ = {isa = PBXFileReference; lastKnownFileType = text.plist.xml; path = Wine.entitlements; sourceTree = "<group>"; };
/* End PBXFileReference section */

/* Begin PBXFrameworksBuildPhase section */
36589A8A37574B34AB3D1452 /* Frameworks */ = {
	isa = PBXFrameworksBuildPhase;
	buildActionMask = 2147483647;
	files = (
	);
	runOnlyForDeploymentPostprocessing = 0;
};
/* End PBXFrameworksBuildPhase section */

/* Begin PBXGroup section */
6F862024934945DABDFD175E = {
	isa = PBXGroup;
	children = (
		8390EC8184AF47E4ADB1341A /* Wine */,
		E557D141F80B459EA07262DC /* Frameworks */,
		91FDC4F0FE8E466EBDA8FDA1 /* Products */,
	);
	sourceTree = "<group>";
};
8390EC8184AF47E4ADB1341A /* Wine */ = {
	isa = PBXGroup;
	children = (
		DCAF1902097D43A289AE3E55 /* main.m */,
		16951D7CC43144C5909F6CAA /* WineAppDelegate.h */,
		A22FF176D8314D7BA3A1F9F8 /* WineAppDelegate.m */,
		2A63E0CE56374CC39FCFAEC9 /* WineViewController.h */,
		569AA5BA0F7B40D5AAF6871A /* WineViewController.m */,
		0D36AA4851CF49BFAF871371 /* WineEventQueue.h */,
		39A34E49931E4B3CB4FF4AFA /* WineEventQueue.m */,
		318B7F6013384276AA2D4EC5 /* WineBridge.h */,
		33677D870BDA4FACB66FCA42 /* WineBridge.m */,
		191B9F28031840548DE78D9F /* WineJIT.h */,
		527DB03757F5435B8DB832CF /* WineJIT.m */,
		6EC6285B649745CA9479175C /* Info.plist */,
		2F952AF481FB494987F5577D /* Wine.entitlements */,
		0F2B0A2CFC42462B94DAB391 /* LaunchScreen.storyboard */,
	);
	path = "";
	sourceTree = "<group>";
};
E557D141F80B459EA07262DC /* Frameworks */ = {
	isa = PBXGroup;
	children = (
	);
	path = Frameworks;
	sourceTree = "<group>";
};
91FDC4F0FE8E466EBDA8FDA1 /* Products */ = {
	isa = PBXGroup;
	children = (
		2187523ED1E44B249D0AD2A0 /* Wine.app */,
	);
	path = "";
	sourceTree = "<group>";
};
/* End PBXGroup section */

/* Begin PBXNativeTarget section */
428C882EAB324ADEB0A51A0C /* Wine */ = {
	isa = PBXNativeTarget;
	buildConfigurationList = BD64EED8875F4034B1170BCF /* Build configuration list for PBXNativeTarget "Wine" */;
	buildPhases = (
		99CDF572FE4B46839FFBEA0C /* Sources */,
		36589A8A37574B34AB3D1452 /* Frameworks */,
		302C202A2DEA4E319DB8E37B /* Resources */,
	);
	buildRules = (
	);
	dependencies = (
	);
	name = Wine;
	productName = Wine;
	productReference = 2187523ED1E44B249D0AD2A0 /* Wine.app */;
	productType = "com.apple.product-type.application";
};
/* End PBXNativeTarget section */

/* Begin PBXProject section */
43E02D2EAC7344A590D77AD1 /* Project object */ = {
	isa = PBXProject;
	attributes = {
		BuildIndependentTargetsInParallel = 1;
		LastUpgradeCheck = 9999;
	};
	buildConfigurationList = F924D1F5CD9A4767A1A099EA /* Build configuration list for PBXProject "Wine" */;
	compatibilityVersion = "Xcode 14.0";
	developmentRegion = en;
	hasScannedForEncodings = 0;
	knownRegions = (
		en,
		Base,
	);
	mainGroup = 6F862024934945DABDFD175E;
	productRefGroup = 91FDC4F0FE8E466EBDA8FDA1;
	projectDirPath = "";
	projectRoot = "";
	targets = (
		428C882EAB324ADEB0A51A0C /* Wine */,
	);
};
/* End PBXProject section */

/* Begin PBXResourcesBuildPhase section */
302C202A2DEA4E319DB8E37B /* Resources */ = {
	isa = PBXResourcesBuildPhase;
	buildActionMask = 2147483647;
	files = (
		DDD3A1387A834660823079EE /* Info.plist in Resources */,
		5DA2F5D4EEC94D3A8984AF05 /* LaunchScreen.storyboard in Resources */,
		15EABD36C24C4E24A93CDC2B /* Wine.entitlements in Resources */,
	);
	runOnlyForDeploymentPostprocessing = 0;
};
/* End PBXResourcesBuildPhase section */

/* Begin PBXSourcesBuildPhase section */
99CDF572FE4B46839FFBEA0C /* Sources */ = {
	isa = PBXSourcesBuildPhase;
	buildActionMask = 2147483647;
	files = (
		C2595982CA944D2B8D3F7A9D /* WineAppDelegate.m in Sources */,
		9481B114D8E24B73B1496AA3 /* WineViewController.m in Sources */,
		759AF05DDC84473F841C2B58 /* WineEventQueue.m in Sources */,
		7A671EBC47034AE79666AAFB /* WineBridge.m in Sources */,
		042FBDBD999A42FD987AAA18 /* WineJIT.m in Sources */,
		AE73A1A0C998482CBC0FF0C3 /* main.m in Sources */,
	);
	runOnlyForDeploymentPostprocessing = 0;
};
/* End PBXSourcesBuildPhase section */

/* Begin XCBuildConfiguration section */
653ACA13EB4E4538942A1A8D /* Debug */ = {
	isa = XCBuildConfiguration;
	buildSettings = {
		ALWAYS_SEARCH_USER_PATHS = NO;
		CLANG_ANALYZER_LOCALIZABILITY_NONLOCALIZED = YES;
		CLANG_CXX_LANGUAGE_STANDARD = "gnu++20";
		CLANG_ENABLE_MODULES = YES;
		CLANG_ENABLE_OBJC_ARC = YES;
		COPY_PHASE_STRIP = NO;
		DEBUG_INFORMATION_FORMAT = dwarf;
		ENABLE_STRICT_OBJC_MSGSEND = YES;
		GCC_C_LANGUAGE_STANDARD = gnu99;
		GCC_OPTIMIZATION_LEVEL = 0;
		IPHONEOS_DEPLOYMENT_TARGET = 13.0;
		MTL_ENABLE_DEBUG_INFO = INCLUDE_SOURCE;
		SDKROOT = iphoneos;
		TARGETED_DEVICE_FAMILY = "1,2";
	};
	name = Debug;
};
4A86D4F62D0C4DA5BE9D0647 /* Release */ = {
	isa = XCBuildConfiguration;
	buildSettings = {
		ALWAYS_SEARCH_USER_PATHS = NO;
		CLANG_ANALYZER_LOCALIZABILITY_NONLOCALIZED = YES;
		CLANG_CXX_LANGUAGE_STANDARD = "gnu++20";
		CLANG_ENABLE_MODULES = YES;
		CLANG_ENABLE_OBJC_ARC = YES;
		COPY_PHASE_STRIP = NO;
		DEBUG_INFORMATION_FORMAT = "dwarf-with-dsym";
		ENABLE_STRICT_OBJC_MSGSEND = YES;
		GCC_C_LANGUAGE_STANDARD = gnu99;
		IPHONEOS_DEPLOYMENT_TARGET = 13.0;
		SDKROOT = iphoneos;
		TARGETED_DEVICE_FAMILY = "1,2";
		VALIDATE_PRODUCT = YES;
	};
	name = Release;
};
756440E7605C4ED8AF003453 /* Debug */ = {
	isa = XCBuildConfiguration;
	buildSettings = {
		ASSETCATALOG_COMPILER_APPICON_NAME = AppIcon;
		CLANG_ENABLE_MODULES = YES;
		CODE_SIGN_ENTITLEMENTS = Wine.entitlements;
		CODE_SIGN_IDENTITY = "-";
		CODE_SIGN_STYLE = Automatic;
		CURRENT_PROJECT_VERSION = 1;
		DEVELOPMENT_TEAM = "";
		ENABLE_BITCODE = NO;
		INFOPLIST_FILE = Info.plist;
		INFOPLIST_KEY_CFBundleDisplayName = Wine;
		INFOPLIST_KEY_UIApplicationSceneManifest_Generation = YES;
		INFOPLIST_KEY_UIApplicationSupportsIndirectInputEvents = YES;
		INFOPLIST_KEY_UILaunchScreen_Generation = YES;
		LD_RUNPATH_SEARCH_PATHS = (
			"$(inherited)",
			"@executable_path/Frameworks",
		);
		MARKETING_VERSION = 1.0;
		OTHER_LDFLAGS = (
			"-ObjC",
			"-lc++",
		);
		PRODUCT_BUNDLE_IDENTIFIER = com.wine.ios.app;
		PRODUCT_NAME = "$(TARGET_NAME)";
		SWIFT_VERSION = 5.0;
		TARGETED_DEVICE_FAMILY = "1,2";
	};
	name = Debug;
};
3858963A16954C8597065707 /* Release */ = {
	isa = XCBuildConfiguration;
	buildSettings = {
		ASSETCATALOG_COMPILER_APPICON_NAME = AppIcon;
		CLANG_ENABLE_MODULES = YES;
		CODE_SIGN_ENTITLEMENTS = Wine.entitlements;
		CODE_SIGN_IDENTITY = "-";
		CODE_SIGN_STYLE = Automatic;
		CURRENT_PROJECT_VERSION = 1;
		DEVELOPMENT_TEAM = "";
		ENABLE_BITCODE = NO;
		INFOPLIST_FILE = Info.plist;
		INFOPLIST_KEY_CFBundleDisplayName = Wine;
		INFOPLIST_KEY_UIApplicationSceneManifest_Generation = YES;
		INFOPLIST_KEY_UIApplicationSupportsIndirectInputEvents = YES;
		INFOPLIST_KEY_UILaunchScreen_Generation = YES;
		LD_RUNPATH_SEARCH_PATHS = (
			"$(inherited)",
			"@executable_path/Frameworks",
		);
		MARKETING_VERSION = 1.0;
		OTHER_LDFLAGS = (
			"-ObjC",
			"-lc++",
		);
		PRODUCT_BUNDLE_IDENTIFIER = com.wine.ios.app;
		PRODUCT_NAME = "$(TARGET_NAME)";
		SWIFT_VERSION = 5.0;
		TARGETED_DEVICE_FAMILY = "1,2";
	};
	name = Release;
};
/* End XCBuildConfiguration section */

/* Begin XCConfigurationList section */
BD64EED8875F4034B1170BCF /* Build configuration list for PBXNativeTarget "Wine" */ = {
	isa = XCConfigurationList;
	buildConfigurations = (
		756440E7605C4ED8AF003453 /* Debug */,
		3858963A16954C8597065707 /* Release */,
	);
	defaultConfigurationIsVisible = 0;
	defaultConfigurationName = Release;
};
F924D1F5CD9A4767A1A099EA /* Build configuration list for PBXProject "Wine" */ = {
	isa = XCConfigurationList;
	buildConfigurations = (
		653ACA13EB4E4538942A1A8D /* Debug */,
		4A86D4F62D0C4DA5BE9D0647 /* Release */,
	);
	defaultConfigurationIsVisible = 0;
	defaultConfigurationName = Release;
};
/* End XCConfigurationList section */
	}};
	rootObject = 43E02D2EAC7344A590D77AD1 /* Project object */;
}
