// !$*UTF8*$!
{
	archiveVersion = 1;
	classes = {
	};
	objectVersion = 56;
	objects = {

/* Begin PBXBuildFile section */
96CB6C96F0E54A65BD71DD9A /* main.m in Sources */ = {isa = PBXBuildFile; fileRef = B56B3F813EBE4ED892520873 /* main.m */; };
3700CAB3C3EA4B8B9B2FB6D0 /* WineAppDelegate.m in Sources */ = {isa = PBXBuildFile; fileRef = 9C87AE9BE7DD46B78C7F3A95 /* WineAppDelegate.m */; };
D57C6F50E1B84F9D9D35DE6F /* WineViewController.m in Sources */ = {isa = PBXBuildFile; fileRef = 3F048E403313441794CC8802 /* WineViewController.m */; };
1971D8145FD246EAB8188DA9 /* WineEventQueue.m in Sources */ = {isa = PBXBuildFile; fileRef = C1DCE0C987324A5784020B13 /* WineEventQueue.m */; };
86218C445C6F4A5EB0356043 /* WineBridge.m in Sources */ = {isa = PBXBuildFile; fileRef = B0877B51D78F48D3AD7AE29F /* WineBridge.m */; };
5DEA934627464B7285396AF3 /* WineJIT.m in Sources */ = {isa = PBXBuildFile; fileRef = CF1182B4F80340E098B2AADF /* WineJIT.m */; };
2C1E17F0C8654E2E9D8B2390 /* Info.plist in Resources */ = {isa = PBXBuildFile; fileRef = 600000F697F8460A90D9AF6B /* Info.plist */; };
C7A38F4321274851B8934F4C /* LaunchScreen.storyboard in Resources */ = {isa = PBXBuildFile; fileRef = D3AD75BB556640358AC3970E /* LaunchScreen.storyboard */; };
C934D7B2468C46FA82E1C50D /* Wine.entitlements in Resources */ = {isa = PBXBuildFile; fileRef = 1755E86E8F54425A91D99373 /* Wine.entitlements */; };

		CC000000000000000000001 /* WineMenuViewController.m in Sources */ = {isa = PBXBuildFile; fileRef = DD000000000000000000001 /* WineMenuViewController.m */; };
		CC000000000000000000002 /* WineMenuViewController.h in Sources */ = {isa = PBXBuildFile; fileRef = DD000000000000000000002 /* WineMenuViewController.h */; };
/* End PBXBuildFile section */

/* Begin PBXFileReference section */
19E1AE2042044BD5BC946AE4 /* Wine.app */ = {isa = PBXFileReference; explicitFileType = wrapper.application; includeInIndex = 0; path = Wine.app; sourceTree = BUILT_PRODUCTS_DIR; };
B56B3F813EBE4ED892520873 /* main.m */ = {isa = PBXFileReference; lastKnownFileType = sourcecode.c.objc; path = main.m; sourceTree = "<group>"; };
0E674B6C089B476DAEE8FB77 /* WineAppDelegate.h */ = {isa = PBXFileReference; lastKnownFileType = sourcecode.c.h; path = WineAppDelegate.h; sourceTree = "<group>"; };
9C87AE9BE7DD46B78C7F3A95 /* WineAppDelegate.m */ = {isa = PBXFileReference; lastKnownFileType = sourcecode.c.objc; path = WineAppDelegate.m; sourceTree = "<group>"; };
F96BA20FFB5F464AAC2034BD /* WineViewController.h */ = {isa = PBXFileReference; lastKnownFileType = sourcecode.c.h; path = WineViewController.h; sourceTree = "<group>"; };
3F048E403313441794CC8802 /* WineViewController.m */ = {isa = PBXFileReference; lastKnownFileType = sourcecode.c.objc; path = WineViewController.m; sourceTree = "<group>"; };
A6062D76437A48B992AA9E0B /* WineEventQueue.h */ = {isa = PBXFileReference; lastKnownFileType = sourcecode.c.h; path = WineEventQueue.h; sourceTree = "<group>"; };
C1DCE0C987324A5784020B13 /* WineEventQueue.m */ = {isa = PBXFileReference; lastKnownFileType = sourcecode.c.objc; path = WineEventQueue.m; sourceTree = "<group>"; };
00D44B83495E4D15B4E53193 /* WineBridge.h */ = {isa = PBXFileReference; lastKnownFileType = sourcecode.c.h; path = WineBridge.h; sourceTree = "<group>"; };
B0877B51D78F48D3AD7AE29F /* WineBridge.m */ = {isa = PBXFileReference; lastKnownFileType = sourcecode.c.objc; path = WineBridge.m; sourceTree = "<group>"; };
09CC51A5E8384F4BAB11C271 /* WineJIT.h */ = {isa = PBXFileReference; lastKnownFileType = sourcecode.c.h; path = WineJIT.h; sourceTree = "<group>"; };
CF1182B4F80340E098B2AADF /* WineJIT.m */ = {isa = PBXFileReference; lastKnownFileType = sourcecode.c.objc; path = WineJIT.m; sourceTree = "<group>"; };
600000F697F8460A90D9AF6B /* Info.plist */ = {isa = PBXFileReference; lastKnownFileType = text.plist.xml; path = Info.plist; sourceTree = "<group>"; };
D3AD75BB556640358AC3970E /* LaunchScreen.storyboard */ = {isa = PBXFileReference; lastKnownFileType = file.storyboard; path = LaunchScreen.storyboard; sourceTree = "<group>"; };
1755E86E8F54425A91D99373 /* Wine.entitlements */ = {isa = PBXFileReference; lastKnownFileType = text.plist.xml; path = Wine.entitlements; sourceTree = "<group>"; };

		DD000000000000000000001 /* WineMenuViewController.m */ = {isa = PBXFileReference; lastKnownFileType = sourcecode.c.objc; path = WineMenuViewController.m; sourceTree = "<group>"; };
		DD000000000000000000002 /* WineMenuViewController.h */ = {isa = PBXFileReference; lastKnownFileType = sourcecode.c.h; path = WineMenuViewController.h; sourceTree = "<group>"; };
/* End PBXFileReference section */

/* Begin PBXFrameworksBuildPhase section */
2735FDA4E7E944158BD0CE93 /* Frameworks */ = {
		isa = PBXFrameworksBuildPhase;
		buildActionMask = 2147483647;
		files = (
		);
		runOnlyForDeploymentPostprocessing = 0;
	};
/* End PBXFrameworksBuildPhase section */

/* Begin PBXGroup section */
1D58A5C6784347DE90DCDB40 = {
		isa = PBXGroup;
		children = (
			E29897FCFF95454CBE388F73 /* Wine */,
			C6B0FA5834F64D98A0AF07B8 /* Frameworks */,
			4C7CBFE985F64393B69B9DC7 /* Products */,
		);
		sourceTree = "<group>";
	};
E29897FCFF95454CBE388F73 /* Wine */ = {
		isa = PBXGroup;
		children = (
			B56B3F813EBE4ED892520873 /* main.m */,
			0E674B6C089B476DAEE8FB77 /* WineAppDelegate.h */,
			9C87AE9BE7DD46B78C7F3A95 /* WineAppDelegate.m */,
			F96BA20FFB5F464AAC2034BD /* WineViewController.h */,
			3F048E403313441794CC8802 /* WineViewController.m */,
			A6062D76437A48B992AA9E0B /* WineEventQueue.h */,
			C1DCE0C987324A5784020B13 /* WineEventQueue.m */,
			00D44B83495E4D15B4E53193 /* WineBridge.h */,
			B0877B51D78F48D3AD7AE29F /* WineBridge.m */,
			09CC51A5E8384F4BAB11C271 /* WineJIT.h */,
			CF1182B4F80340E098B2AADF /* WineJIT.m */,
			600000F697F8460A90D9AF6B /* Info.plist */,
			1755E86E8F54425A91D99373 /* Wine.entitlements */,
			D3AD75BB556640358AC3970E /* LaunchScreen.storyboard */,
		);
		path = "";
		sourceTree = "<group>";
	};
C6B0FA5834F64D98A0AF07B8 /* Frameworks */ = {
		isa = PBXGroup;
		children = (
		);
		path = Frameworks;
		sourceTree = "<group>";
	};
4C7CBFE985F64393B69B9DC7 /* Products */ = {
		isa = PBXGroup;
		children = (
			19E1AE2042044BD5BC946AE4 /* Wine.app */,
		);
		path = "";
		sourceTree = "<group>";
	};
/* End PBXGroup section */

/* Begin PBXNativeTarget section */
866A063279C24F5B8114EF39 /* Wine */ = {
		isa = PBXNativeTarget;
		buildConfigurationList = 865DB5DA292E4E4EAD90996A /* Build configuration list for PBXNativeTarget "Wine" */;
		buildPhases = (
			84CDA842276441B6BA65D766 /* Sources */,
			2735FDA4E7E944158BD0CE93 /* Frameworks */,
			B0BCE0FADDD34FE3A8F773BA /* Resources */,
		);
		buildRules = (
		);
		dependencies = (
		);
		name = Wine;
		productName = Wine;
		productReference = 19E1AE2042044BD5BC946AE4 /* Wine.app */;
		productType = "com.apple.product-type.application";
	};
/* End PBXNativeTarget section */

/* Begin PBXProject section */
BC24407A5BE44E2A9A52E055 /* Project object */ = {
		isa = PBXProject;
		attributes = {
			BuildIndependentTargetsInParallel = 1;
			LastUpgradeCheck = 9999;
		};
		buildConfigurationList = 51C4CD4F22FC42209F25F83B /* Build configuration list for PBXProject "Wine" */;
		compatibilityVersion = "Xcode 14.0";
		developmentRegion = en;
		hasScannedForEncodings = 0;
		knownRegions = (
			en,
			Base,
		);
		mainGroup = 1D58A5C6784347DE90DCDB40;
		productRefGroup = 4C7CBFE985F64393B69B9DC7;
		projectDirPath = "";
		projectRoot = "";
		targets = (
			866A063279C24F5B8114EF39 /* Wine */,
		);
	};
/* End PBXProject section */

/* Begin PBXResourcesBuildPhase section */
B0BCE0FADDD34FE3A8F773BA /* Resources */ = {
		isa = PBXResourcesBuildPhase;
		buildActionMask = 2147483647;
		files = (
			C7A38F4321274851B8934F4C /* LaunchScreen.storyboard in Resources */,
		);
		runOnlyForDeploymentPostprocessing = 0;
	};
/* End PBXResourcesBuildPhase section */

/* Begin PBXSourcesBuildPhase section */
84CDA842276441B6BA65D766 /* Sources */ = {
		isa = PBXSourcesBuildPhase;
		buildActionMask = 2147483647;
		files = (
			3700CAB3C3EA4B8B9B2FB6D0 /* WineAppDelegate.m in Sources */,
			D57C6F50E1B84F9D9D35DE6F /* WineViewController.m in Sources */,
			1971D8145FD246EAB8188DA9 /* WineEventQueue.m in Sources */,
			86218C445C6F4A5EB0356043 /* WineBridge.m in Sources */,
			5DEA934627464B7285396AF3 /* WineJIT.m in Sources */,
                        CC000000000000000000001 /* WineMenuViewController.m in Sources */,
			96CB6C96F0E54A65BD71DD9A /* main.m in Sources */,
		);
		runOnlyForDeploymentPostprocessing = 0;
	};
/* End PBXSourcesBuildPhase section */

/* Begin XCBuildConfiguration section */
DDD765BC3FD945B192AA8047 /* Debug */ = {
		isa = XCBuildConfiguration;
		buildSettings = {
			ALWAYS_SEARCH_USER_PATHS = NO;
			CLANG_ANALYZER_LOCALIZABILITY_NONLOCALIZED = YES;
			CLANG_CXX_LANGUAGE_STANDARD = "gnu++20";
			CLANG_ENABLE_MODULES = YES;
			CLANG_ENABLE_OBJC_ARC = YES;
			COPY_PHASE_STRIP = NO;
			DEBUG_INFORMATION_FORMAT = dwarf;
			ENABLE_STRICT_OBJC_MSGSEND = YES;
			GCC_C_LANGUAGE_STANDARD = gnu99;
			GCC_OPTIMIZATION_LEVEL = 0;
			IPHONEOS_DEPLOYMENT_TARGET = 13.0;
			MTL_ENABLE_DEBUG_INFO = INCLUDE_SOURCE;
			SDKROOT = iphoneos;
			TARGETED_DEVICE_FAMILY = "1,2";
		};
		name = Debug;
	};
E6F5FAF6D42C43948E761391 /* Release */ = {
		isa = XCBuildConfiguration;
		buildSettings = {
			ALWAYS_SEARCH_USER_PATHS = NO;
			CLANG_ANALYZER_LOCALIZABILITY_NONLOCALIZED = YES;
			CLANG_CXX_LANGUAGE_STANDARD = "gnu++20";
			CLANG_ENABLE_MODULES = YES;
			CLANG_ENABLE_OBJC_ARC = YES;
			COPY_PHASE_STRIP = NO;
			DEBUG_INFORMATION_FORMAT = "dwarf-with-dsym";
			ENABLE_STRICT_OBJC_MSGSEND = YES;
			GCC_C_LANGUAGE_STANDARD = gnu99;
			IPHONEOS_DEPLOYMENT_TARGET = 13.0;
			SDKROOT = iphoneos;
			TARGETED_DEVICE_FAMILY = "1,2";
			VALIDATE_PRODUCT = YES;
		};
		name = Release;
	};
B2816EE6C00C4FE1AB2E69B9 /* Debug */ = {
		isa = XCBuildConfiguration;
		buildSettings = {
			ASSETCATALOG_COMPILER_APPICON_NAME = AppIcon;
			CLANG_ENABLE_MODULES = YES;
			CODE_SIGN_ENTITLEMENTS = Wine.entitlements;
			CODE_SIGN_IDENTITY = "-";
			CODE_SIGN_STYLE = Automatic;
			CURRENT_PROJECT_VERSION = 1;
			DEVELOPMENT_TEAM = "";
                        HEADER_SEARCH_PATHS = (
                            "$(PROJECT_DIR)/../wineios",
                            "$(PROJECT_DIR)",
                        );
                        LIBRARY_SEARCH_PATHS = (
                            "$(PROJECT_DIR)/../wineios",
                            "$(inherited)",
                        );
			ENABLE_BITCODE = NO;
			INFOPLIST_FILE = Info.plist;
			INFOPLIST_KEY_CFBundleDisplayName = Wine;
			INFOPLIST_KEY_UIApplicationSceneManifest_Generation = YES;
			INFOPLIST_KEY_UIApplicationSupportsIndirectInputEvents = YES;
			INFOPLIST_KEY_UILaunchScreen_Generation = YES;
			LD_RUNPATH_SEARCH_PATHS = (
				"$(inherited)",
				"@executable_path/Frameworks",
			);
			MARKETING_VERSION = 1.0;
			OTHER_LDFLAGS = (
				"-ObjC",
				"-lc++",
			"-lz",
			
			);
			PRODUCT_BUNDLE_IDENTIFIER = com.wine.ios.app;
			PRODUCT_NAME = "$(TARGET_NAME)";
			SWIFT_VERSION = 5.0;
			TARGETED_DEVICE_FAMILY = "1,2";
		};
		name = Debug;
	};
D780CCF11A6840C4BB8AA5FC /* Release */ = {
		isa = XCBuildConfiguration;
		buildSettings = {
			ASSETCATALOG_COMPILER_APPICON_NAME = AppIcon;
			CLANG_ENABLE_MODULES = YES;
			CODE_SIGN_ENTITLEMENTS = Wine.entitlements;
			CODE_SIGN_IDENTITY = "-";
			CODE_SIGN_STYLE = Automatic;
                        HEADER_SEARCH_PATHS = (
                            "$(PROJECT_DIR)/../wineios",
                            "$(PROJECT_DIR)",
                        );
                        LIBRARY_SEARCH_PATHS = (
                            "$(PROJECT_DIR)/../wineios",
                            "$(inherited)",
                        );
			CURRENT_PROJECT_VERSION = 1;
			DEVELOPMENT_TEAM = "";
			ENABLE_BITCODE = NO;
			INFOPLIST_FILE = Info.plist;
			INFOPLIST_KEY_CFBundleDisplayName = Wine;
			INFOPLIST_KEY_UIApplicationSceneManifest_Generation = YES;
			INFOPLIST_KEY_UIApplicationSupportsIndirectInputEvents = YES;
			INFOPLIST_KEY_UILaunchScreen_Generation = YES;
			LD_RUNPATH_SEARCH_PATHS = (
				"$(inherited)",
				"@executable_path/Frameworks",
			);
			MARKETING_VERSION = 1.0;
			OTHER_LDFLAGS = (
				"-ObjC",
				"-lc++",
			"-lz",
			
			);
			PRODUCT_BUNDLE_IDENTIFIER = com.wine.ios.app;
			PRODUCT_NAME = "$(TARGET_NAME)";
			SWIFT_VERSION = 5.0;
			TARGETED_DEVICE_FAMILY = "1,2";
		};
		name = Release;
	};
/* End XCBuildConfiguration section */

/* Begin XCConfigurationList section */
865DB5DA292E4E4EAD90996A /* Build configuration list for PBXNativeTarget "Wine" */ = {
		isa = XCConfigurationList;
		buildConfigurations = (
			B2816EE6C00C4FE1AB2E69B9 /* Debug */,
			D780CCF11A6840C4BB8AA5FC /* Release */,
		);
		defaultConfigurationIsVisible = 0;
		defaultConfigurationName = Release;
	};
51C4CD4F22FC42209F25F83B /* Build configuration list for PBXProject "Wine" */ = {
		isa = XCConfigurationList;
		buildConfigurations = (
			DDD765BC3FD945B192AA8047 /* Debug */,
			E6F5FAF6D42C43948E761391 /* Release */,
		);
		defaultConfigurationIsVisible = 0;
		defaultConfigurationName = Release;
	};
/* End XCConfigurationList section */
	};
	rootObject = BC24407A5BE44E2A9A52E055 /* Project object */;
}