// !$*UTF8*$!
{
archiveVersion = 1;
classes = {
};
objectVersion = 56;
objects = {

/* Begin PBXBuildFile section */
E484388AEABF4B89B5E033C9 /* main.m in Sources */ = {isa = PBXBuildFile; fileRef = EA6FAF80E8DD4CAD985DCCEA /* main.m */; };
D31D48D57B834F5C8ABBD921 /* WineAppDelegate.m in Sources */ = {isa = PBXBuildFile; fileRef = 715D1F7FE68849B1ADB767B7 /* WineAppDelegate.m */; };
B3E816EA1B294D8FB983244B /* WineViewController.m in Sources */ = {isa = PBXBuildFile; fileRef = E5F1326DB3E74F0AA18A3697 /* WineViewController.m */; };
D96BB6C2DA7A4446B6EA3D6E /* WineEventQueue.m in Sources */ = {isa = PBXBuildFile; fileRef = D9CBD1D5AB09470BBCC51ED5 /* WineEventQueue.m */; };
D4CA350589A240FA88E2F5ED /* WineBridge.m in Sources */ = {isa = PBXBuildFile; fileRef = 161E31FF22D2459DA34410D4 /* WineBridge.m */; };
F632BDD68EE6436682DD1876 /* WineJIT.m in Sources */ = {isa = PBXBuildFile; fileRef = 4493101C9D9E47C58B5216DF /* WineJIT.m */; };
B6BD16EE78DF4CA1B48925C5 /* Info.plist in Resources */ = {isa = PBXBuildFile; fileRef = E531460B22124E05A20E1804 /* Info.plist */; };
FBDE1C0549B24816A8000D5F /* LaunchScreen.storyboard in Resources */ = {isa = PBXBuildFile; fileRef = 185F8400216E4345A86AFB32 /* LaunchScreen.storyboard */; };
3831DD85D7724A719931F705 /* Wine.entitlements in Resources */ = {isa = PBXBuildFile; fileRef = 5A476B77723D49E598C9481C /* Wine.entitlements */; };
/* End PBXBuildFile section */

/* Begin PBXFileReference section */
872186DBEE2F47CB83A471E6 /* Wine.app */ = {isa = PBXFileReference; explicitFileType = wrapper.application; includeInIndex = 0; path = Wine.app; sourceTree = BUILT_PRODUCTS_DIR; };
EA6FAF80E8DD4CAD985DCCEA /* main.m */ = {isa = PBXFileReference; lastKnownFileType = sourcecode.c.objc; path = main.m; sourceTree = "<group>"; };
750C852B1FA242F1ADF24CF9 /* WineAppDelegate.h */ = {isa = PBXFileReference; lastKnownFileType = sourcecode.c.h; path = WineAppDelegate.h; sourceTree = "<group>"; };
715D1F7FE68849B1ADB767B7 /* WineAppDelegate.m */ = {isa = PBXFileReference; lastKnownFileType = sourcecode.c.objc; path = WineAppDelegate.m; sourceTree = "<group>"; };
D3C4BAD5A51E4DC29041E1EF /* WineViewController.h */ = {isa = PBXFileReference; lastKnownFileType = sourcecode.c.h; path = WineViewController.h; sourceTree = "<group>"; };
E5F1326DB3E74F0AA18A3697 /* WineViewController.m */ = {isa = PBXFileReference; lastKnownFileType = sourcecode.c.objc; path = WineViewController.m; sourceTree = "<group>"; };
E407DB807CFF4147860DF1D7 /* WineEventQueue.h */ = {isa = PBXFileReference; lastKnownFileType = sourcecode.c.h; path = WineEventQueue.h; sourceTree = "<group>"; };
D9CBD1D5AB09470BBCC51ED5 /* WineEventQueue.m */ = {isa = PBXFileReference; lastKnownFileType = sourcecode.c.objc; path = WineEventQueue.m; sourceTree = "<group>"; };
42574653916E4231BA269F3C /* WineBridge.h */ = {isa = PBXFileReference; lastKnownFileType = sourcecode.c.h; path = WineBridge.h; sourceTree = "<group>"; };
161E31FF22D2459DA34410D4 /* WineBridge.m */ = {isa = PBXFileReference; lastKnownFileType = sourcecode.c.objc; path = WineBridge.m; sourceTree = "<group>"; };
99C2FBC3BD334DABAA758020 /* WineJIT.h */ = {isa = PBXFileReference; lastKnownFileType = sourcecode.c.h; path = WineJIT.h; sourceTree = "<group>"; };
4493101C9D9E47C58B5216DF /* WineJIT.m */ = {isa = PBXFileReference; lastKnownFileType = sourcecode.c.objc; path = WineJIT.m; sourceTree = "<group>"; };
E531460B22124E05A20E1804 /* Info.plist */ = {isa = PBXFileReference; lastKnownFileType = text.plist.xml; path = Info.plist; sourceTree = "<group>"; };
185F8400216E4345A86AFB32 /* LaunchScreen.storyboard */ = {isa = PBXFileReference; lastKnownFileType = file.storyboard; path = LaunchScreen.storyboard; sourceTree = "<group>"; };
5A476B77723D49E598C9481C /* Wine.entitlements */ = {isa = PBXFileReference; lastKnownFileType = text.plist.xml; path = Wine.entitlements; sourceTree = "<group>"; };
/* End PBXFileReference section */

/* Begin PBXFrameworksBuildPhase section */
2FBE576A7D5346819717E2B2 /* Frameworks */ = {
isa = PBXFrameworksBuildPhase;
buildActionMask = 2147483647;
files = (
);
runOnlyForDeploymentPostprocessing = 0;
};
/* End PBXFrameworksBuildPhase section */

/* Begin PBXGroup section */
77C968EEAAEB410FB2A09C22 = {
isa = PBXGroup;
children = (
4993403A78274CA4B5292283 /* Wine */,
981EEA60F74049BEAB3D3CC3 /* Frameworks */,
2994C795478B4F5BAC7ABA3F /* Products */,
);
sourceTree = "<group>";
};
4993403A78274CA4B5292283 /* Wine */ = {
isa = PBXGroup;
children = (
EA6FAF80E8DD4CAD985DCCEA /* main.m */,
750C852B1FA242F1ADF24CF9 /* WineAppDelegate.h */,
715D1F7FE68849B1ADB767B7 /* WineAppDelegate.m */,
D3C4BAD5A51E4DC29041E1EF /* WineViewController.h */,
E5F1326DB3E74F0AA18A3697 /* WineViewController.m */,
E407DB807CFF4147860DF1D7 /* WineEventQueue.h */,
D9CBD1D5AB09470BBCC51ED5 /* WineEventQueue.m */,
42574653916E4231BA269F3C /* WineBridge.h */,
161E31FF22D2459DA34410D4 /* WineBridge.m */,
99C2FBC3BD334DABAA758020 /* WineJIT.h */,
4493101C9D9E47C58B5216DF /* WineJIT.m */,
E531460B22124E05A20E1804 /* Info.plist */,
5A476B77723D49E598C9481C /* Wine.entitlements */,
185F8400216E4345A86AFB32 /* LaunchScreen.storyboard */,
);
path = "";
sourceTree = "<group>";
};
981EEA60F74049BEAB3D3CC3 /* Frameworks */ = {
isa = PBXGroup;
children = (
);
path = Frameworks;
sourceTree = "<group>";
};
2994C795478B4F5BAC7ABA3F /* Products */ = {
isa = PBXGroup;
children = (
872186DBEE2F47CB83A471E6 /* Wine.app */,
);
path = "";
sourceTree = "<group>";
};
/* End PBXGroup section */

/* Begin PBXNativeTarget section */
014F301C3B7540EBB42C9239 /* Wine */ = {
isa = PBXNativeTarget;
buildConfigurationList = 40785C1D210242058C74EFF3 /* Build configuration list for PBXNativeTarget "Wine" */;
buildPhases = (
F914B10CB22F4BE2B5D851BF /* Sources */,
2FBE576A7D5346819717E2B2 /* Frameworks */,
2BB3D938E58748AB9A05113F /* Resources */,
);
buildRules = (
);
dependencies = (
);
name = Wine;
productName = Wine;
productReference = 872186DBEE2F47CB83A471E6 /* Wine.app */;
productType = "com.apple.product-type.application";
};
/* End PBXNativeTarget section */

/* Begin PBXProject section */
006B8F40EE024A10B2730C02 /* Project object */ = {
isa = PBXProject;
attributes = {
BuildIndependentTargetsInParallel = 1;
LastUpgradeCheck = 9999;
};
buildConfigurationList = 4979228B15CE450ABE8D01A9 /* Build configuration list for PBXProject "Wine" */;
compatibilityVersion = "Xcode 14.0";
developmentRegion = en;
hasScannedForEncodings = 0;
knownRegions = (
en,
Base,
);
mainGroup = 77C968EEAAEB410FB2A09C22;
productRefGroup = 2994C795478B4F5BAC7ABA3F;
projectDirPath = "";
projectRoot = "";
targets = (
014F301C3B7540EBB42C9239 /* Wine */,
);
};
/* End PBXProject section */

/* Begin PBXResourcesBuildPhase section */
2BB3D938E58748AB9A05113F /* Resources */ = {
isa = PBXResourcesBuildPhase;
buildActionMask = 2147483647;
files = (
B6BD16EE78DF4CA1B48925C5 /* Info.plist in Resources */,
FBDE1C0549B24816A8000D5F /* LaunchScreen.storyboard in Resources */,
3831DD85D7724A719931F705 /* Wine.entitlements in Resources */,
);
runOnlyForDeploymentPostprocessing = 0;
};
/* End PBXResourcesBuildPhase section */

/* Begin PBXSourcesBuildPhase section */
F914B10CB22F4BE2B5D851BF /* Sources */ = {
isa = PBXSourcesBuildPhase;
buildActionMask = 2147483647;
files = (
D31D48D57B834F5C8ABBD921 /* WineAppDelegate.m in Sources */,
B3E816EA1B294D8FB983244B /* WineViewController.m in Sources */,
D96BB6C2DA7A4446B6EA3D6E /* WineEventQueue.m in Sources */,
D4CA350589A240FA88E2F5ED /* WineBridge.m in Sources */,
F632BDD68EE6436682DD1876 /* WineJIT.m in Sources */,
E484388AEABF4B89B5E033C9 /* main.m in Sources */,
);
runOnlyForDeploymentPostprocessing = 0;
};
/* End PBXSourcesBuildPhase section */

/* Begin XCBuildConfiguration section */
661637EAC6D24474BC9806BE /* Debug */ = {
isa = XCBuildConfiguration;
buildSettings = {
ALWAYS_SEARCH_USER_PATHS = NO;
CLANG_ANALYZER_LOCALIZABILITY_NONLOCALIZED = YES;
CLANG_CXX_LANGUAGE_STANDARD = "gnu++20";
CLANG_ENABLE_MODULES = YES;
CLANG_ENABLE_OBJC_ARC = YES;
COPY_PHASE_STRIP = NO;
DEBUG_INFORMATION_FORMAT = dwarf;
ENABLE_STRICT_OBJC_MSGSEND = YES;
GCC_C_LANGUAGE_STANDARD = gnu99;
GCC_OPTIMIZATION_LEVEL = 0;
IPHONEOS_DEPLOYMENT_TARGET = 13.0;
MTL_ENABLE_DEBUG_INFO = INCLUDE_SOURCE;
SDKROOT = iphoneos;
TARGETED_DEVICE_FAMILY = "1,2";
};
name = Debug;
};
8283706010DD45BFACFFCB63 /* Release */ = {
isa = XCBuildConfiguration;
buildSettings = {
ALWAYS_SEARCH_USER_PATHS = NO;
CLANG_ANALYZER_LOCALIZABILITY_NONLOCALIZED = YES;
CLANG_CXX_LANGUAGE_STANDARD = "gnu++20";
CLANG_ENABLE_MODULES = YES;
CLANG_ENABLE_OBJC_ARC = YES;
COPY_PHASE_STRIP = NO;
DEBUG_INFORMATION_FORMAT = "dwarf-with-dsym";
ENABLE_STRICT_OBJC_MSGSEND = YES;
GCC_C_LANGUAGE_STANDARD = gnu99;
IPHONEOS_DEPLOYMENT_TARGET = 13.0;
SDKROOT = iphoneos;
TARGETED_DEVICE_FAMILY = "1,2";
VALIDATE_PRODUCT = YES;
};
name = Release;
};
FCD6BF7B71E84F4691A0D8F1 /* Debug */ = {
isa = XCBuildConfiguration;
buildSettings = {
ASSETCATALOG_COMPILER_APPICON_NAME = AppIcon;
CLANG_ENABLE_MODULES = YES;
CODE_SIGN_ENTITLEMENTS = Wine.entitlements;
CODE_SIGN_IDENTITY = "-";
CODE_SIGN_STYLE = Automatic;
CURRENT_PROJECT_VERSION = 1;
DEVELOPMENT_TEAM = "";
ENABLE_BITCODE = NO;
INFOPLIST_FILE = Info.plist;
INFOPLIST_KEY_CFBundleDisplayName = Wine;
INFOPLIST_KEY_UIApplicationSceneManifest_Generation = YES;
INFOPLIST_KEY_UIApplicationSupportsIndirectInputEvents = YES;
INFOPLIST_KEY_UILaunchScreen_Generation = YES;
LD_RUNPATH_SEARCH_PATHS = (
"$(inherited)",
"@executable_path/Frameworks",
);
MARKETING_VERSION = 1.0;
OTHER_LDFLAGS = (
"-ObjC",
"-lc++",
);
PRODUCT_BUNDLE_IDENTIFIER = com.wine.ios.app;
PRODUCT_NAME = "$(TARGET_NAME)";
SWIFT_VERSION = 5.0;
TARGETED_DEVICE_FAMILY = "1,2";
};
name = Debug;
};
F6A61F27BF8F48319F539E05 /* Release */ = {
isa = XCBuildConfiguration;
buildSettings = {
ASSETCATALOG_COMPILER_APPICON_NAME = AppIcon;
CLANG_ENABLE_MODULES = YES;
CODE_SIGN_ENTITLEMENTS = Wine.entitlements;
CODE_SIGN_IDENTITY = "-";
CODE_SIGN_STYLE = Automatic;
CURRENT_PROJECT_VERSION = 1;
DEVELOPMENT_TEAM = "";
ENABLE_BITCODE = NO;
INFOPLIST_FILE = Info.plist;
INFOPLIST_KEY_CFBundleDisplayName = Wine;
INFOPLIST_KEY_UIApplicationSceneManifest_Generation = YES;
INFOPLIST_KEY_UIApplicationSupportsIndirectInputEvents = YES;
INFOPLIST_KEY_UILaunchScreen_Generation = YES;
LD_RUNPATH_SEARCH_PATHS = (
"$(inherited)",
"@executable_path/Frameworks",
);
MARKETING_VERSION = 1.0;
OTHER_LDFLAGS = (
"-ObjC",
"-lc++",
);
PRODUCT_BUNDLE_IDENTIFIER = com.wine.ios.app;
PRODUCT_NAME = "$(TARGET_NAME)";
SWIFT_VERSION = 5.0;
TARGETED_DEVICE_FAMILY = "1,2";
};
name = Release;
};
/* End XCBuildConfiguration section */

/* Begin XCConfigurationList section */
40785C1D210242058C74EFF3 /* Build configuration list for PBXNativeTarget "Wine" */ = {
isa = XCConfigurationList;
buildConfigurations = (
FCD6BF7B71E84F4691A0D8F1 /* Debug */,
F6A61F27BF8F48319F539E05 /* Release */,
);
defaultConfigurationIsVisible = 0;
defaultConfigurationName = Release;
};
4979228B15CE450ABE8D01A9 /* Build configuration list for PBXProject "Wine" */ = {
isa = XCConfigurationList;
buildConfigurations = (
661637EAC6D24474BC9806BE /* Debug */,
8283706010DD45BFACFFCB63 /* Release */,
);
defaultConfigurationIsVisible = 0;
defaultConfigurationName = Release;
};
/* End XCConfigurationList section */
}};
rootObject = 006B8F40EE024A10B2730C02 /* Project object */;
}
